// !$*UTF8*$!
{
	archiveVersion = 1;
	classes = {
	};
	objectVersion = 46;
	objects = {

/* Begin PBXBuildFile section */
		0C0220481761ED6400896649 /* SDViewControlleriPad.m in Sources */ = {isa = PBXBuildFile; fileRef = 0C0220471761ED6400896649 /* SDViewControlleriPad.m */; };
		0C103334174CE2A7004C2ACC /* UIKit.framework in Frameworks */ = {isa = PBXBuildFile; fileRef = 0C103333174CE2A7004C2ACC /* UIKit.framework */; };
		0C103336174CE2A7004C2ACC /* Foundation.framework in Frameworks */ = {isa = PBXBuildFile; fileRef = 0C103335174CE2A7004C2ACC /* Foundation.framework */; };
		0C103338174CE2A7004C2ACC /* CoreGraphics.framework in Frameworks */ = {isa = PBXBuildFile; fileRef = 0C103337174CE2A7004C2ACC /* CoreGraphics.framework */; };
		0C103340174CE2A7004C2ACC /* main.m in Sources */ = {isa = PBXBuildFile; fileRef = 0C10333F174CE2A7004C2ACC /* main.m */; };
		0C103344174CE2A7004C2ACC /* SDAppDelegate.m in Sources */ = {isa = PBXBuildFile; fileRef = 0C103343174CE2A7004C2ACC /* SDAppDelegate.m */; };
		0C10334D174CE2A7004C2ACC /* MainStoryboard.storyboard in Resources */ = {isa = PBXBuildFile; fileRef = 0C10334B174CE2A7004C2ACC /* MainStoryboard.storyboard */; };
		0C103350174CE2A7004C2ACC /* SDViewController.m in Sources */ = {isa = PBXBuildFile; fileRef = 0C10334F174CE2A7004C2ACC /* SDViewController.m */; };
		0C103362174CE407004C2ACC /* NSDate+convenience.m in Sources */ = {isa = PBXBuildFile; fileRef = 0C103357174CE407004C2ACC /* NSDate+convenience.m */; };
		0C103363174CE407004C2ACC /* NSMutableArray+convenience.m in Sources */ = {isa = PBXBuildFile; fileRef = 0C103359174CE407004C2ACC /* NSMutableArray+convenience.m */; };
		0C103364174CE407004C2ACC /* UIColor+expanded.m in Sources */ = {isa = PBXBuildFile; fileRef = 0C10335B174CE407004C2ACC /* UIColor+expanded.m */; };
		0C103365174CE407004C2ACC /* UIView+convenience.m in Sources */ = {isa = PBXBuildFile; fileRef = 0C10335D174CE407004C2ACC /* UIView+convenience.m */; };
		0C103366174CE407004C2ACC /* ViewController.m in Sources */ = {isa = PBXBuildFile; fileRef = 0C10335F174CE407004C2ACC /* ViewController.m */; };
		0C103367174CE407004C2ACC /* VRGCalendarView.m in Sources */ = {isa = PBXBuildFile; fileRef = 0C103361174CE407004C2ACC /* VRGCalendarView.m */; };
		0C17D9111758C1A3001520DC /* QuartzCore.framework in Frameworks */ = {isa = PBXBuildFile; fileRef = 0C96D7471753A12B0043489C /* QuartzCore.framework */; };
		0C17D9121758C319001520DC /* SDViewController.m in Sources */ = {isa = PBXBuildFile; fileRef = 0C10334F174CE2A7004C2ACC /* SDViewController.m */; };
		0C17D9131758C337001520DC /* VRGCalendarView.m in Sources */ = {isa = PBXBuildFile; fileRef = 0C103361174CE407004C2ACC /* VRGCalendarView.m */; };
		0C17D9141758C496001520DC /* CoreGraphics.framework in Frameworks */ = {isa = PBXBuildFile; fileRef = 0C103337174CE2A7004C2ACC /* CoreGraphics.framework */; };
		0C651EE0175F79CA00A0F01C /* Localizable.strings in Resources */ = {isa = PBXBuildFile; fileRef = 0C651EE2175F79CA00A0F01C /* Localizable.strings */; };
		0C651EE4175F7D4B00A0F01C /* diet-info.plist in Resources */ = {isa = PBXBuildFile; fileRef = 0C651EE6175F7D4B00A0F01C /* diet-info.plist */; };
		0C754C0B175FF5B50070B774 /* Settings.bundle in Resources */ = {isa = PBXBuildFile; fileRef = 0C754C0A175FF5B50070B774 /* Settings.bundle */; };
		0C7751A117524584009C636F /* Default@2x.png in Resources */ = {isa = PBXBuildFile; fileRef = 0C7751A017524584009C636F /* Default@2x.png */; };
		0C7751A3175245B1009C636F /* Default.png in Resources */ = {isa = PBXBuildFile; fileRef = 0C7751A2175245B1009C636F /* Default.png */; };
		0C88924C174FA67000AAAC64 /* SDDietDayDetailsViewController.m in Sources */ = {isa = PBXBuildFile; fileRef = 0C88924B174FA67000AAAC64 /* SDDietDayDetailsViewController.m */; };
		0C8892561750105900AAAC64 /* beef.jpg in Resources */ = {isa = PBXBuildFile; fileRef = 0C8892551750105900AAAC64 /* beef.jpg */; };
		0C8892581750108800AAAC64 /* tuna_salad.jpg in Resources */ = {isa = PBXBuildFile; fileRef = 0C8892571750108800AAAC64 /* tuna_salad.jpg */; };
		0C88925C1750A7F800AAAC64 /* fruit_salad.jpg in Resources */ = {isa = PBXBuildFile; fileRef = 0C88925B1750A7F800AAAC64 /* fruit_salad.jpg */; };
		0C88925E1750A9C300AAAC64 /* eggs.jpg in Resources */ = {isa = PBXBuildFile; fileRef = 0C88925D1750A9C300AAAC64 /* eggs.jpg */; };
		0C8892601750AAE000AAAC64 /* tomatoes_lettuce.jpg in Resources */ = {isa = PBXBuildFile; fileRef = 0C88925F1750AAE000AAAC64 /* tomatoes_lettuce.jpg */; };
		0C8892671752084A00AAAC64 /* 57.png in Resources */ = {isa = PBXBuildFile; fileRef = 0C8892661752084A00AAAC64 /* 57.png */; };
		0C8892691752084F00AAAC64 /* 114.png in Resources */ = {isa = PBXBuildFile; fileRef = 0C8892681752084F00AAAC64 /* 114.png */; };
		0C88926B17520F4700AAAC64 /* Default-568h@2x.png in Resources */ = {isa = PBXBuildFile; fileRef = 0C88926A17520F4700AAAC64 /* Default-568h@2x.png */; };
		0C96D746175393100043489C /* fish.jpg in Resources */ = {isa = PBXBuildFile; fileRef = 0C96D745175393100043489C /* fish.jpg */; };
		0C96D7481753A12B0043489C /* QuartzCore.framework in Frameworks */ = {isa = PBXBuildFile; fileRef = 0C96D7471753A12B0043489C /* QuartzCore.framework */; };
		0CA15C42176B2AC600E6B7D0 /* InfoPlist.strings in Resources */ = {isa = PBXBuildFile; fileRef = 0CA15C41176B2AC600E6B7D0 /* InfoPlist.strings */; };
		0CB9727F1767300100900D5E /* SDDietDayDetailsViewControlleriPad.m in Sources */ = {isa = PBXBuildFile; fileRef = 0CB9727E1767300100900D5E /* SDDietDayDetailsViewControlleriPad.m */; };
		0CCE6582176B34AB0039D470 /* Default-Landscape~ipad.png in Resources */ = {isa = PBXBuildFile; fileRef = 0CCE6581176B34AB0039D470 /* Default-Landscape~ipad.png */; };
		0CCE6584176B34B60039D470 /* Default-Landscape@2x~ipad.png in Resources */ = {isa = PBXBuildFile; fileRef = 0CCE6583176B34B60039D470 /* Default-Landscape@2x~ipad.png */; };
		0CCE6586176B35080039D470 /* 72.png in Resources */ = {isa = PBXBuildFile; fileRef = 0CCE6585176B35080039D470 /* 72.png */; };
		0CCE6588176B350C0039D470 /* 144.png in Resources */ = {isa = PBXBuildFile; fileRef = 0CCE6587176B350C0039D470 /* 144.png */; };
		0CCE658B176B39340039D470 /* Default-Portrait~ipad.png in Resources */ = {isa = PBXBuildFile; fileRef = 0CCE6589176B391B0039D470 /* Default-Portrait~ipad.png */; };
		0CCE658D176B39380039D470 /* Default-Portrait@2x~ipad.png in Resources */ = {isa = PBXBuildFile; fileRef = 0CCE658C176B39380039D470 /* Default-Portrait@2x~ipad.png */; };
		0CDDFD5C176661390011D0CA /* MainStoryboard_iPad.storyboard in Resources */ = {isa = PBXBuildFile; fileRef = 0CDDFD5E176661390011D0CA /* MainStoryboard_iPad.storyboard */; };
		0CF067BC1757BF9C009A93E0 /* SenTestingKit.framework in Frameworks */ = {isa = PBXBuildFile; fileRef = 0CF067BB1757BF9C009A93E0 /* SenTestingKit.framework */; };
		0CF067BD1757BF9C009A93E0 /* UIKit.framework in Frameworks */ = {isa = PBXBuildFile; fileRef = 0C103333174CE2A7004C2ACC /* UIKit.framework */; };
		0CF067BE1757BF9C009A93E0 /* Foundation.framework in Frameworks */ = {isa = PBXBuildFile; fileRef = 0C103335174CE2A7004C2ACC /* Foundation.framework */; };
		0CF067C71757BF9D009A93E0 /* ScarsdaleDietLogicTests.m in Sources */ = {isa = PBXBuildFile; fileRef = 0CF067C61757BF9D009A93E0 /* ScarsdaleDietLogicTests.m */; };
/* End PBXBuildFile section */

/* Begin PBXFileReference section */
		0C0220461761ED6300896649 /* SDViewControlleriPad.h */ = {isa = PBXFileReference; fileEncoding = 4; lastKnownFileType = sourcecode.c.h; path = SDViewControlleriPad.h; sourceTree = "<group>"; };
		0C0220471761ED6400896649 /* SDViewControlleriPad.m */ = {isa = PBXFileReference; fileEncoding = 4; lastKnownFileType = sourcecode.c.objc; path = SDViewControlleriPad.m; sourceTree = "<group>"; };
		0C103330174CE2A7004C2ACC /* Scarsdale Diet.app */ = {isa = PBXFileReference; explicitFileType = wrapper.application; includeInIndex = 0; path = "Scarsdale Diet.app"; sourceTree = BUILT_PRODUCTS_DIR; };
		0C103333174CE2A7004C2ACC /* UIKit.framework */ = {isa = PBXFileReference; lastKnownFileType = wrapper.framework; name = UIKit.framework; path = System/Library/Frameworks/UIKit.framework; sourceTree = SDKROOT; };
		0C103335174CE2A7004C2ACC /* Foundation.framework */ = {isa = PBXFileReference; lastKnownFileType = wrapper.framework; name = Foundation.framework; path = System/Library/Frameworks/Foundation.framework; sourceTree = SDKROOT; };
		0C103337174CE2A7004C2ACC /* CoreGraphics.framework */ = {isa = PBXFileReference; lastKnownFileType = wrapper.framework; name = CoreGraphics.framework; path = System/Library/Frameworks/CoreGraphics.framework; sourceTree = SDKROOT; };
		0C10333B174CE2A7004C2ACC /* Scarsdale Diet-Info.plist */ = {isa = PBXFileReference; lastKnownFileType = text.plist.xml; path = "Scarsdale Diet-Info.plist"; sourceTree = "<group>"; };
		0C10333F174CE2A7004C2ACC /* main.m */ = {isa = PBXFileReference; lastKnownFileType = sourcecode.c.objc; path = main.m; sourceTree = "<group>"; };
		0C103341174CE2A7004C2ACC /* Scarsdale Diet-Prefix.pch */ = {isa = PBXFileReference; lastKnownFileType = sourcecode.c.h; path = "Scarsdale Diet-Prefix.pch"; sourceTree = "<group>"; };
		0C103342174CE2A7004C2ACC /* SDAppDelegate.h */ = {isa = PBXFileReference; lastKnownFileType = sourcecode.c.h; path = SDAppDelegate.h; sourceTree = "<group>"; };
		0C103343174CE2A7004C2ACC /* SDAppDelegate.m */ = {isa = PBXFileReference; lastKnownFileType = sourcecode.c.objc; path = SDAppDelegate.m; sourceTree = "<group>"; };
		0C10334E174CE2A7004C2ACC /* SDViewController.h */ = {isa = PBXFileReference; lastKnownFileType = sourcecode.c.h; path = SDViewController.h; sourceTree = "<group>"; };
		0C10334F174CE2A7004C2ACC /* SDViewController.m */ = {isa = PBXFileReference; lastKnownFileType = sourcecode.c.objc; path = SDViewController.m; sourceTree = "<group>"; };
		0C103356174CE407004C2ACC /* NSDate+convenience.h */ = {isa = PBXFileReference; fileEncoding = 4; lastKnownFileType = sourcecode.c.h; name = "NSDate+convenience.h"; path = "Scarsdale Diet/NSDate+convenience.h"; sourceTree = "<group>"; };
		0C103357174CE407004C2ACC /* NSDate+convenience.m */ = {isa = PBXFileReference; fileEncoding = 4; lastKnownFileType = sourcecode.c.objc; name = "NSDate+convenience.m"; path = "Scarsdale Diet/NSDate+convenience.m"; sourceTree = "<group>"; };
		0C103358174CE407004C2ACC /* NSMutableArray+convenience.h */ = {isa = PBXFileReference; fileEncoding = 4; lastKnownFileType = sourcecode.c.h; name = "NSMutableArray+convenience.h"; path = "Scarsdale Diet/NSMutableArray+convenience.h"; sourceTree = "<group>"; };
		0C103359174CE407004C2ACC /* NSMutableArray+convenience.m */ = {isa = PBXFileReference; fileEncoding = 4; lastKnownFileType = sourcecode.c.objc; name = "NSMutableArray+convenience.m"; path = "Scarsdale Diet/NSMutableArray+convenience.m"; sourceTree = "<group>"; };
		0C10335A174CE407004C2ACC /* UIColor+expanded.h */ = {isa = PBXFileReference; fileEncoding = 4; lastKnownFileType = sourcecode.c.h; name = "UIColor+expanded.h"; path = "Scarsdale Diet/UIColor+expanded.h"; sourceTree = "<group>"; };
		0C10335B174CE407004C2ACC /* UIColor+expanded.m */ = {isa = PBXFileReference; fileEncoding = 4; lastKnownFileType = sourcecode.c.objc; name = "UIColor+expanded.m"; path = "Scarsdale Diet/UIColor+expanded.m"; sourceTree = "<group>"; };
		0C10335C174CE407004C2ACC /* UIView+convenience.h */ = {isa = PBXFileReference; fileEncoding = 4; lastKnownFileType = sourcecode.c.h; name = "UIView+convenience.h"; path = "Scarsdale Diet/UIView+convenience.h"; sourceTree = "<group>"; };
		0C10335D174CE407004C2ACC /* UIView+convenience.m */ = {isa = PBXFileReference; fileEncoding = 4; lastKnownFileType = sourcecode.c.objc; name = "UIView+convenience.m"; path = "Scarsdale Diet/UIView+convenience.m"; sourceTree = "<group>"; };
		0C10335E174CE407004C2ACC /* ViewController.h */ = {isa = PBXFileReference; fileEncoding = 4; lastKnownFileType = sourcecode.c.h; name = ViewController.h; path = "Scarsdale Diet/ViewController.h"; sourceTree = "<group>"; };
		0C10335F174CE407004C2ACC /* ViewController.m */ = {isa = PBXFileReference; fileEncoding = 4; lastKnownFileType = sourcecode.c.objc; name = ViewController.m; path = "Scarsdale Diet/ViewController.m"; sourceTree = "<group>"; };
		0C103360174CE407004C2ACC /* VRGCalendarView.h */ = {isa = PBXFileReference; fileEncoding = 4; lastKnownFileType = sourcecode.c.h; name = VRGCalendarView.h; path = "Scarsdale Diet/VRGCalendarView.h"; sourceTree = "<group>"; };
		0C103361174CE407004C2ACC /* VRGCalendarView.m */ = {isa = PBXFileReference; fileEncoding = 4; lastKnownFileType = sourcecode.c.objc; name = VRGCalendarView.m; path = "Scarsdale Diet/VRGCalendarView.m"; sourceTree = "<group>"; };
		0C4AA7C8175FCF7400F99051 /* bg */ = {isa = PBXFileReference; lastKnownFileType = text.plist.strings; name = bg; path = bg.lproj/MainStoryboard.strings; sourceTree = "<group>"; };
		0C4AA7C9175FCF7400F99051 /* bg */ = {isa = PBXFileReference; lastKnownFileType = text.plist.strings; name = bg; path = bg.lproj/Localizable.strings; sourceTree = "<group>"; };
		0C4AA7CB175FCF7400F99051 /* bg */ = {isa = PBXFileReference; lastKnownFileType = text.plist.xml; name = bg; path = "bg.lproj/diet-info.plist"; sourceTree = "<group>"; };
		0C651EE1175F79CA00A0F01C /* en */ = {isa = PBXFileReference; lastKnownFileType = text.plist.strings; name = en; path = en.lproj/Localizable.strings; sourceTree = "<group>"; };
		0C651EE3175F79E800A0F01C /* de */ = {isa = PBXFileReference; lastKnownFileType = text.plist.strings; name = de; path = de.lproj/Localizable.strings; sourceTree = "<group>"; };
		0C651EE5175F7D4B00A0F01C /* en */ = {isa = PBXFileReference; lastKnownFileType = text.plist.xml; name = en; path = "en.lproj/diet-info.plist"; sourceTree = "<group>"; };
		0C651EE7175F7D6F00A0F01C /* de */ = {isa = PBXFileReference; lastKnownFileType = text.plist.xml; name = de; path = "de.lproj/diet-info.plist"; sourceTree = "<group>"; };
		0C651EE8175F823F00A0F01C /* Base */ = {isa = PBXFileReference; lastKnownFileType = file.storyboard; name = Base; path = Base.lproj/MainStoryboard.storyboard; sourceTree = "<group>"; };
		0C651EEC175F8BFE00A0F01C /* de */ = {isa = PBXFileReference; lastKnownFileType = text.plist.strings; name = de; path = de.lproj/MainStoryboard.strings; sourceTree = "<group>"; };
		0C754C0A175FF5B50070B774 /* Settings.bundle */ = {isa = PBXFileReference; lastKnownFileType = "wrapper.plug-in"; name = Settings.bundle; path = "Scarsdale Diet/Settings.bundle"; sourceTree = "<group>"; };
		0C7751A017524584009C636F /* Default@2x.png */ = {isa = PBXFileReference; lastKnownFileType = image.png; name = "Default@2x.png"; path = "../Default@2x.png"; sourceTree = "<group>"; };
		0C7751A2175245B1009C636F /* Default.png */ = {isa = PBXFileReference; lastKnownFileType = image.png; name = Default.png; path = ../Default.png; sourceTree = "<group>"; };
		0C88924A174FA67000AAAC64 /* SDDietDayDetailsViewController.h */ = {isa = PBXFileReference; fileEncoding = 4; lastKnownFileType = sourcecode.c.h; path = SDDietDayDetailsViewController.h; sourceTree = "<group>"; };
		0C88924B174FA67000AAAC64 /* SDDietDayDetailsViewController.m */ = {isa = PBXFileReference; fileEncoding = 4; lastKnownFileType = sourcecode.c.objc; path = SDDietDayDetailsViewController.m; sourceTree = "<group>"; };
		0C8892551750105900AAAC64 /* beef.jpg */ = {isa = PBXFileReference; lastKnownFileType = image.jpeg; path = beef.jpg; sourceTree = "<group>"; };
		0C8892571750108800AAAC64 /* tuna_salad.jpg */ = {isa = PBXFileReference; lastKnownFileType = image.jpeg; path = tuna_salad.jpg; sourceTree = "<group>"; };
		0C88925B1750A7F800AAAC64 /* fruit_salad.jpg */ = {isa = PBXFileReference; lastKnownFileType = image.jpeg; path = fruit_salad.jpg; sourceTree = "<group>"; };
		0C88925D1750A9C300AAAC64 /* eggs.jpg */ = {isa = PBXFileReference; lastKnownFileType = image.jpeg; path = eggs.jpg; sourceTree = "<group>"; };
		0C88925F1750AAE000AAAC64 /* tomatoes_lettuce.jpg */ = {isa = PBXFileReference; lastKnownFileType = image.jpeg; path = tomatoes_lettuce.jpg; sourceTree = "<group>"; };
		0C8892661752084A00AAAC64 /* 57.png */ = {isa = PBXFileReference; lastKnownFileType = image.png; name = 57.png; path = ../57.png; sourceTree = "<group>"; };
		0C8892681752084F00AAAC64 /* 114.png */ = {isa = PBXFileReference; lastKnownFileType = image.png; name = 114.png; path = ../114.png; sourceTree = "<group>"; };
		0C88926A17520F4700AAAC64 /* Default-568h@2x.png */ = {isa = PBXFileReference; lastKnownFileType = image.png; name = "Default-568h@2x.png"; path = "../Default-568h@2x.png"; sourceTree = "<group>"; };
		0C96D745175393100043489C /* fish.jpg */ = {isa = PBXFileReference; lastKnownFileType = image.jpeg; name = fish.jpg; path = ../../../Downloads/fish.jpg; sourceTree = "<group>"; };
		0C96D7471753A12B0043489C /* QuartzCore.framework */ = {isa = PBXFileReference; lastKnownFileType = wrapper.framework; name = QuartzCore.framework; path = System/Library/Frameworks/QuartzCore.framework; sourceTree = SDKROOT; };
		0CA15C41176B2AC600E6B7D0 /* InfoPlist.strings */ = {isa = PBXFileReference; fileEncoding = 4; lastKnownFileType = text.plist.strings; path = InfoPlist.strings; sourceTree = "<group>"; };
		0CB9727D1767300100900D5E /* SDDietDayDetailsViewControlleriPad.h */ = {isa = PBXFileReference; fileEncoding = 4; lastKnownFileType = sourcecode.c.h; path = SDDietDayDetailsViewControlleriPad.h; sourceTree = "<group>"; };
		0CB9727E1767300100900D5E /* SDDietDayDetailsViewControlleriPad.m */ = {isa = PBXFileReference; fileEncoding = 4; lastKnownFileType = sourcecode.c.objc; path = SDDietDayDetailsViewControlleriPad.m; sourceTree = "<group>"; };
		0CCE6581176B34AB0039D470 /* Default-Landscape~ipad.png */ = {isa = PBXFileReference; lastKnownFileType = image.png; name = "Default-Landscape~ipad.png"; path = "../Default-Landscape~ipad.png"; sourceTree = "<group>"; };
		0CCE6583176B34B60039D470 /* Default-Landscape@2x~ipad.png */ = {isa = PBXFileReference; lastKnownFileType = image.png; name = "Default-Landscape@2x~ipad.png"; path = "../Default-Landscape@2x~ipad.png"; sourceTree = "<group>"; };
		0CCE6585176B35080039D470 /* 72.png */ = {isa = PBXFileReference; lastKnownFileType = image.png; name = 72.png; path = ../72.png; sourceTree = "<group>"; };
		0CCE6587176B350C0039D470 /* 144.png */ = {isa = PBXFileReference; lastKnownFileType = image.png; name = 144.png; path = ../144.png; sourceTree = "<group>"; };
		0CCE6589176B391B0039D470 /* Default-Portrait~ipad.png */ = {isa = PBXFileReference; lastKnownFileType = image.png; path = "Default-Portrait~ipad.png"; sourceTree = "<group>"; };
		0CCE658C176B39380039D470 /* Default-Portrait@2x~ipad.png */ = {isa = PBXFileReference; lastKnownFileType = image.png; path = "Default-Portrait@2x~ipad.png"; sourceTree = "<group>"; };
		0CDDFD5F1766613F0011D0CA /* Base */ = {isa = PBXFileReference; lastKnownFileType = file.storyboard; name = Base; path = Base.lproj/MainStoryboard_iPad.storyboard; sourceTree = "<group>"; };
		0CDDFD61176661440011D0CA /* bg */ = {isa = PBXFileReference; lastKnownFileType = text.plist.strings; name = bg; path = bg.lproj/MainStoryboard_iPad.strings; sourceTree = "<group>"; };
		0CDDFD63176661450011D0CA /* de */ = {isa = PBXFileReference; lastKnownFileType = text.plist.strings; name = de; path = de.lproj/MainStoryboard_iPad.strings; sourceTree = "<group>"; };
		0CF067BA1757BF9C009A93E0 /* ScarsdaleDietLogicTests.octest */ = {isa = PBXFileReference; explicitFileType = wrapper.cfbundle; includeInIndex = 0; path = ScarsdaleDietLogicTests.octest; sourceTree = BUILT_PRODUCTS_DIR; };
		0CF067BB1757BF9C009A93E0 /* SenTestingKit.framework */ = {isa = PBXFileReference; lastKnownFileType = wrapper.framework; name = SenTestingKit.framework; path = Library/Frameworks/SenTestingKit.framework; sourceTree = DEVELOPER_DIR; };
		0CF067C11757BF9D009A93E0 /* ScarsdaleDietLogicTests-Info.plist */ = {isa = PBXFileReference; lastKnownFileType = text.plist.xml; path = "ScarsdaleDietLogicTests-Info.plist"; sourceTree = "<group>"; };
		0CF067C51757BF9D009A93E0 /* ScarsdaleDietLogicTests.h */ = {isa = PBXFileReference; lastKnownFileType = sourcecode.c.h; path = ScarsdaleDietLogicTests.h; sourceTree = "<group>"; };
		0CF067C61757BF9D009A93E0 /* ScarsdaleDietLogicTests.m */ = {isa = PBXFileReference; lastKnownFileType = sourcecode.c.objc; path = ScarsdaleDietLogicTests.m; sourceTree = "<group>"; };
		0CF067C81757BF9D009A93E0 /* ScarsdaleDietLogicTests-Prefix.pch */ = {isa = PBXFileReference; lastKnownFileType = sourcecode.c.h; path = "ScarsdaleDietLogicTests-Prefix.pch"; sourceTree = "<group>"; };
/* End PBXFileReference section */

/* Begin PBXFrameworksBuildPhase section */
		0C10332D174CE2A7004C2ACC /* Frameworks */ = {
			isa = PBXFrameworksBuildPhase;
			buildActionMask = 2147483647;
			files = (
				0C96D7481753A12B0043489C /* QuartzCore.framework in Frameworks */,
				0C103334174CE2A7004C2ACC /* UIKit.framework in Frameworks */,
				0C103336174CE2A7004C2ACC /* Foundation.framework in Frameworks */,
				0C103338174CE2A7004C2ACC /* CoreGraphics.framework in Frameworks */,
			);
			runOnlyForDeploymentPostprocessing = 0;
		};
		0CF067B61757BF9C009A93E0 /* Frameworks */ = {
			isa = PBXFrameworksBuildPhase;
			buildActionMask = 2147483647;
			files = (
				0C17D9141758C496001520DC /* CoreGraphics.framework in Frameworks */,
				0C17D9111758C1A3001520DC /* QuartzCore.framework in Frameworks */,
				0CF067BC1757BF9C009A93E0 /* SenTestingKit.framework in Frameworks */,
				0CF067BD1757BF9C009A93E0 /* UIKit.framework in Frameworks */,
				0CF067BE1757BF9C009A93E0 /* Foundation.framework in Frameworks */,
			);
			runOnlyForDeploymentPostprocessing = 0;
		};
/* End PBXFrameworksBuildPhase section */

/* Begin PBXGroup section */
		0C02200F1761C9AF00896649 /* Classes */ = {
			isa = PBXGroup;
			children = (
				0C103342174CE2A7004C2ACC /* SDAppDelegate.h */,
				0C103343174CE2A7004C2ACC /* SDAppDelegate.m */,
				0C10334E174CE2A7004C2ACC /* SDViewController.h */,
				0C10334F174CE2A7004C2ACC /* SDViewController.m */,
				0C0220461761ED6300896649 /* SDViewControlleriPad.h */,
				0C0220471761ED6400896649 /* SDViewControlleriPad.m */,
				0C88924A174FA67000AAAC64 /* SDDietDayDetailsViewController.h */,
				0C88924B174FA67000AAAC64 /* SDDietDayDetailsViewController.m */,
				0CB9727D1767300100900D5E /* SDDietDayDetailsViewControlleriPad.h */,
				0CB9727E1767300100900D5E /* SDDietDayDetailsViewControlleriPad.m */,
			);
			name = Classes;
			sourceTree = "<group>";
		};
		0C0220101761C9C200896649 /* Views */ = {
			isa = PBXGroup;
			children = (
				0CDDFD5E176661390011D0CA /* MainStoryboard_iPad.storyboard */,
				0C10334B174CE2A7004C2ACC /* MainStoryboard.storyboard */,
			);
			name = Views;
			sourceTree = "<group>";
		};
		0C103327174CE2A7004C2ACC = {
			isa = PBXGroup;
			children = (
				0CCE658C176B39380039D470 /* Default-Portrait@2x~ipad.png */,
				0CCE6589176B391B0039D470 /* Default-Portrait~ipad.png */,
				0C754C0A175FF5B50070B774 /* Settings.bundle */,
				0C96D7471753A12B0043489C /* QuartzCore.framework */,
				0C103339174CE2A7004C2ACC /* Scarsdale Diet */,
				0CF067BF1757BF9C009A93E0 /* ScarsdaleDietLogicTests */,
				0C103332174CE2A7004C2ACC /* Frameworks */,
				0C103331174CE2A7004C2ACC /* Products */,
			);
			sourceTree = "<group>";
		};
		0C103331174CE2A7004C2ACC /* Products */ = {
			isa = PBXGroup;
			children = (
				0C103330174CE2A7004C2ACC /* Scarsdale Diet.app */,
				0CF067BA1757BF9C009A93E0 /* ScarsdaleDietLogicTests.octest */,
			);
			name = Products;
			sourceTree = "<group>";
		};
		0C103332174CE2A7004C2ACC /* Frameworks */ = {
			isa = PBXGroup;
			children = (
				0C103333174CE2A7004C2ACC /* UIKit.framework */,
				0C103335174CE2A7004C2ACC /* Foundation.framework */,
				0C103337174CE2A7004C2ACC /* CoreGraphics.framework */,
				0CF067BB1757BF9C009A93E0 /* SenTestingKit.framework */,
			);
			name = Frameworks;
			sourceTree = "<group>";
		};
		0C103339174CE2A7004C2ACC /* Scarsdale Diet */ = {
			isa = PBXGroup;
			children = (
				0C0220101761C9C200896649 /* Views */,
				0C02200F1761C9AF00896649 /* Classes */,
				0C651EDA175F76FE00A0F01C /* Resources */,
				0C103368174CE412004C2ACC /* Calendar */,
				0C10333A174CE2A7004C2ACC /* Supporting Files */,
			);
			path = "Scarsdale Diet";
			sourceTree = "<group>";
		};
		0C10333A174CE2A7004C2ACC /* Supporting Files */ = {
			isa = PBXGroup;
			children = (
				0CCE6587176B350C0039D470 /* 144.png */,
				0CCE6585176B35080039D470 /* 72.png */,
				0CCE6583176B34B60039D470 /* Default-Landscape@2x~ipad.png */,
				0CCE6581176B34AB0039D470 /* Default-Landscape~ipad.png */,
				0CA15C41176B2AC600E6B7D0 /* InfoPlist.strings */,
				0C7751A2175245B1009C636F /* Default.png */,
				0C7751A017524584009C636F /* Default@2x.png */,
				0C88926A17520F4700AAAC64 /* Default-568h@2x.png */,
				0C8892681752084F00AAAC64 /* 114.png */,
				0C8892661752084A00AAAC64 /* 57.png */,
				0C10333B174CE2A7004C2ACC /* Scarsdale Diet-Info.plist */,
				0C10333F174CE2A7004C2ACC /* main.m */,
				0C103341174CE2A7004C2ACC /* Scarsdale Diet-Prefix.pch */,
				0C651EE6175F7D4B00A0F01C /* diet-info.plist */,
			);
			name = "Supporting Files";
			sourceTree = "<group>";
		};
		0C103368174CE412004C2ACC /* Calendar */ = {
			isa = PBXGroup;
			children = (
				0C103356174CE407004C2ACC /* NSDate+convenience.h */,
				0C103357174CE407004C2ACC /* NSDate+convenience.m */,
				0C103358174CE407004C2ACC /* NSMutableArray+convenience.h */,
				0C103359174CE407004C2ACC /* NSMutableArray+convenience.m */,
				0C10335A174CE407004C2ACC /* UIColor+expanded.h */,
				0C10335B174CE407004C2ACC /* UIColor+expanded.m */,
				0C10335C174CE407004C2ACC /* UIView+convenience.h */,
				0C10335D174CE407004C2ACC /* UIView+convenience.m */,
				0C10335E174CE407004C2ACC /* ViewController.h */,
				0C10335F174CE407004C2ACC /* ViewController.m */,
				0C103360174CE407004C2ACC /* VRGCalendarView.h */,
				0C103361174CE407004C2ACC /* VRGCalendarView.m */,
			);
			name = Calendar;
			path = ..;
			sourceTree = "<group>";
		};
		0C651EDA175F76FE00A0F01C /* Resources */ = {
			isa = PBXGroup;
			children = (
				0C88925217500F8B00AAAC64 /* Images */,
				0C651EE2175F79CA00A0F01C /* Localizable.strings */,
			);
			name = Resources;
			sourceTree = "<group>";
		};
		0C88925217500F8B00AAAC64 /* Images */ = {
			isa = PBXGroup;
			children = (
				0C96D745175393100043489C /* fish.jpg */,
				0C88925F1750AAE000AAAC64 /* tomatoes_lettuce.jpg */,
				0C88925D1750A9C300AAAC64 /* eggs.jpg */,
				0C88925B1750A7F800AAAC64 /* fruit_salad.jpg */,
				0C8892571750108800AAAC64 /* tuna_salad.jpg */,
				0C8892551750105900AAAC64 /* beef.jpg */,
			);
			name = Images;
			sourceTree = "<group>";
		};
		0CF067BF1757BF9C009A93E0 /* ScarsdaleDietLogicTests */ = {
			isa = PBXGroup;
			children = (
				0CF067C51757BF9D009A93E0 /* ScarsdaleDietLogicTests.h */,
				0CF067C61757BF9D009A93E0 /* ScarsdaleDietLogicTests.m */,
				0CF067C01757BF9D009A93E0 /* Supporting Files */,
			);
			path = ScarsdaleDietLogicTests;
			sourceTree = "<group>";
		};
		0CF067C01757BF9D009A93E0 /* Supporting Files */ = {
			isa = PBXGroup;
			children = (
				0CF067C11757BF9D009A93E0 /* ScarsdaleDietLogicTests-Info.plist */,
				0CF067C81757BF9D009A93E0 /* ScarsdaleDietLogicTests-Prefix.pch */,
			);
			name = "Supporting Files";
			sourceTree = "<group>";
		};
/* End PBXGroup section */

/* Begin PBXNativeTarget section */
		0C10332F174CE2A7004C2ACC /* Scarsdale Diet */ = {
			isa = PBXNativeTarget;
			buildConfigurationList = 0C103353174CE2A7004C2ACC /* Build configuration list for PBXNativeTarget "Scarsdale Diet" */;
			buildPhases = (
				0C10332C174CE2A7004C2ACC /* Sources */,
				0C10332D174CE2A7004C2ACC /* Frameworks */,
				0C10332E174CE2A7004C2ACC /* Resources */,
			);
			buildRules = (
			);
			dependencies = (
			);
			name = "Scarsdale Diet";
			productName = "Scarsdale Diet";
			productReference = 0C103330174CE2A7004C2ACC /* Scarsdale Diet.app */;
			productType = "com.apple.product-type.application";
		};
		0CF067B91757BF9C009A93E0 /* ScarsdaleDietLogicTests */ = {
			isa = PBXNativeTarget;
			buildConfigurationList = 0CF067C91757BF9D009A93E0 /* Build configuration list for PBXNativeTarget "ScarsdaleDietLogicTests" */;
			buildPhases = (
				0CF067B51757BF9C009A93E0 /* Sources */,
				0CF067B61757BF9C009A93E0 /* Frameworks */,
				0CF067B71757BF9C009A93E0 /* Resources */,
				0CF067B81757BF9C009A93E0 /* ShellScript */,
			);
			buildRules = (
			);
			dependencies = (
			);
			name = ScarsdaleDietLogicTests;
			productName = ScarsdaleDietLogicTests;
			productReference = 0CF067BA1757BF9C009A93E0 /* ScarsdaleDietLogicTests.octest */;
			productType = "com.apple.product-type.bundle";
		};
/* End PBXNativeTarget section */

/* Begin PBXProject section */
		0C103328174CE2A7004C2ACC /* Project object */ = {
			isa = PBXProject;
			attributes = {
				CLASSPREFIX = SD;
				LastUpgradeCheck = 0460;
				ORGANIZATIONNAME = "Mihail Velikov";
			};
			buildConfigurationList = 0C10332B174CE2A7004C2ACC /* Build configuration list for PBXProject "Scarsdale Diet" */;
			compatibilityVersion = "Xcode 3.2";
			developmentRegion = English;
			hasScannedForEncodings = 0;
			knownRegions = (
				en,
				de,
				Base,
				bg,
				"bg-BG",
			);
			mainGroup = 0C103327174CE2A7004C2ACC;
			productRefGroup = 0C103331174CE2A7004C2ACC /* Products */;
			projectDirPath = "";
			projectRoot = "";
			targets = (
				0C10332F174CE2A7004C2ACC /* Scarsdale Diet */,
				0CF067B91757BF9C009A93E0 /* ScarsdaleDietLogicTests */,
			);
		};
/* End PBXProject section */

/* Begin PBXResourcesBuildPhase section */
		0C10332E174CE2A7004C2ACC /* Resources */ = {
			isa = PBXResourcesBuildPhase;
			buildActionMask = 2147483647;
			files = (
				0C10334D174CE2A7004C2ACC /* MainStoryboard.storyboard in Resources */,
				0C8892561750105900AAAC64 /* beef.jpg in Resources */,
				0C8892581750108800AAAC64 /* tuna_salad.jpg in Resources */,
				0C651EE4175F7D4B00A0F01C /* diet-info.plist in Resources */,
				0C88925C1750A7F800AAAC64 /* fruit_salad.jpg in Resources */,
				0C88925E1750A9C300AAAC64 /* eggs.jpg in Resources */,
				0C8892601750AAE000AAAC64 /* tomatoes_lettuce.jpg in Resources */,
				0C8892671752084A00AAAC64 /* 57.png in Resources */,
				0C8892691752084F00AAAC64 /* 114.png in Resources */,
				0C88926B17520F4700AAAC64 /* Default-568h@2x.png in Resources */,
				0C7751A117524584009C636F /* Default@2x.png in Resources */,
				0C7751A3175245B1009C636F /* Default.png in Resources */,
				0C96D746175393100043489C /* fish.jpg in Resources */,
				0C651EE0175F79CA00A0F01C /* Localizable.strings in Resources */,
				0C754C0B175FF5B50070B774 /* Settings.bundle in Resources */,
				0CDDFD5C176661390011D0CA /* MainStoryboard_iPad.storyboard in Resources */,
				0CA15C42176B2AC600E6B7D0 /* InfoPlist.strings in Resources */,
				0CCE6582176B34AB0039D470 /* Default-Landscape~ipad.png in Resources */,
				0CCE6584176B34B60039D470 /* Default-Landscape@2x~ipad.png in Resources */,
				0CCE6586176B35080039D470 /* 72.png in Resources */,
				0CCE6588176B350C0039D470 /* 144.png in Resources */,
				0CCE658B176B39340039D470 /* Default-Portrait~ipad.png in Resources */,
				0CCE658D176B39380039D470 /* Default-Portrait@2x~ipad.png in Resources */,
			);
			runOnlyForDeploymentPostprocessing = 0;
		};
		0CF067B71757BF9C009A93E0 /* Resources */ = {
			isa = PBXResourcesBuildPhase;
			buildActionMask = 2147483647;
			files = (
			);
			runOnlyForDeploymentPostprocessing = 0;
		};
/* End PBXResourcesBuildPhase section */

/* Begin PBXShellScriptBuildPhase section */
		0CF067B81757BF9C009A93E0 /* ShellScript */ = {
			isa = PBXShellScriptBuildPhase;
			buildActionMask = 2147483647;
			files = (
			);
			inputPaths = (
			);
			outputPaths = (
			);
			runOnlyForDeploymentPostprocessing = 0;
			shellPath = /bin/sh;
			shellScript = "# Run the unit tests in this test bundle.\n\"${SYSTEM_DEVELOPER_DIR}/Tools/RunUnitTests\"\n";
		};
/* End PBXShellScriptBuildPhase section */

/* Begin PBXSourcesBuildPhase section */
		0C10332C174CE2A7004C2ACC /* Sources */ = {
			isa = PBXSourcesBuildPhase;
			buildActionMask = 2147483647;
			files = (
				0C103340174CE2A7004C2ACC /* main.m in Sources */,
				0C103344174CE2A7004C2ACC /* SDAppDelegate.m in Sources */,
				0C103350174CE2A7004C2ACC /* SDViewController.m in Sources */,
				0C103362174CE407004C2ACC /* NSDate+convenience.m in Sources */,
				0C103363174CE407004C2ACC /* NSMutableArray+convenience.m in Sources */,
				0C103364174CE407004C2ACC /* UIColor+expanded.m in Sources */,
				0C103365174CE407004C2ACC /* UIView+convenience.m in Sources */,
				0C103366174CE407004C2ACC /* ViewController.m in Sources */,
				0C103367174CE407004C2ACC /* VRGCalendarView.m in Sources */,
				0C88924C174FA67000AAAC64 /* SDDietDayDetailsViewController.m in Sources */,
				0C0220481761ED6400896649 /* SDViewControlleriPad.m in Sources */,
				0CB9727F1767300100900D5E /* SDDietDayDetailsViewControlleriPad.m in Sources */,
			);
			runOnlyForDeploymentPostprocessing = 0;
		};
		0CF067B51757BF9C009A93E0 /* Sources */ = {
			isa = PBXSourcesBuildPhase;
			buildActionMask = 2147483647;
			files = (
				0C17D9131758C337001520DC /* VRGCalendarView.m in Sources */,
				0C17D9121758C319001520DC /* SDViewController.m in Sources */,
				0CF067C71757BF9D009A93E0 /* ScarsdaleDietLogicTests.m in Sources */,
			);
			runOnlyForDeploymentPostprocessing = 0;
		};
/* End PBXSourcesBuildPhase section */

/* Begin PBXVariantGroup section */
		0C10334B174CE2A7004C2ACC /* MainStoryboard.storyboard */ = {
			isa = PBXVariantGroup;
			children = (
				0C651EE8175F823F00A0F01C /* Base */,
				0C651EEC175F8BFE00A0F01C /* de */,
				0C4AA7C8175FCF7400F99051 /* bg */,
			);
			name = MainStoryboard.storyboard;
			sourceTree = "<group>";
		};
		0C651EE2175F79CA00A0F01C /* Localizable.strings */ = {
			isa = PBXVariantGroup;
			children = (
				0C651EE1175F79CA00A0F01C /* en */,
				0C651EE3175F79E800A0F01C /* de */,
				0C4AA7C9175FCF7400F99051 /* bg */,
			);
			name = Localizable.strings;
			sourceTree = "<group>";
		};
		0C651EE6175F7D4B00A0F01C /* diet-info.plist */ = {
			isa = PBXVariantGroup;
			children = (
				0C651EE5175F7D4B00A0F01C /* en */,
				0C651EE7175F7D6F00A0F01C /* de */,
				0C4AA7CB175FCF7400F99051 /* bg */,
			);
			name = "diet-info.plist";
			sourceTree = "<group>";
		};
		0CDDFD5E176661390011D0CA /* MainStoryboard_iPad.storyboard */ = {
			isa = PBXVariantGroup;
			children = (
				0CDDFD5F1766613F0011D0CA /* Base */,
				0CDDFD61176661440011D0CA /* bg */,
				0CDDFD63176661450011D0CA /* de */,
			);
			name = MainStoryboard_iPad.storyboard;
			sourceTree = "<group>";
		};
/* End PBXVariantGroup section */

/* Begin XCBuildConfiguration section */
		0C103351174CE2A7004C2ACC /* Debug */ = {
			isa = XCBuildConfiguration;
			buildSettings = {
				ALWAYS_SEARCH_USER_PATHS = NO;
				CLANG_CXX_LANGUAGE_STANDARD = "gnu++0x";
				CLANG_CXX_LIBRARY = "libc++";
				CLANG_ENABLE_OBJC_ARC = YES;
				CLANG_WARN_CONSTANT_CONVERSION = YES;
				CLANG_WARN_EMPTY_BODY = YES;
				CLANG_WARN_ENUM_CONVERSION = YES;
				CLANG_WARN_INT_CONVERSION = YES;
				CLANG_WARN__DUPLICATE_METHOD_MATCH = YES;
				CODE_SIGN_IDENTITY = "iPhone Distribution: Mihail Velikov (Q59675477H)";
				"CODE_SIGN_IDENTITY[sdk=iphoneos*]" = "iPhone Developer";
				COPY_PHASE_STRIP = NO;
				GCC_C_LANGUAGE_STANDARD = gnu99;
				GCC_DYNAMIC_NO_PIC = NO;
				GCC_OPTIMIZATION_LEVEL = 0;
				GCC_PREPROCESSOR_DEFINITIONS = (
					"DEBUG=1",
					"$(inherited)",
				);
				GCC_SYMBOLS_PRIVATE_EXTERN = NO;
				GCC_WARN_ABOUT_RETURN_TYPE = YES;
				GCC_WARN_UNINITIALIZED_AUTOS = YES;
				GCC_WARN_UNUSED_VARIABLE = YES;
				IPHONEOS_DEPLOYMENT_TARGET = 6.1;
				ONLY_ACTIVE_ARCH = YES;
				PROVISIONING_PROFILE = "E9E6D447-9D40-4011-A27C-42DC08EAFA52";
				SDKROOT = iphoneos;
			};
			name = Debug;
		};
		0C103352174CE2A7004C2ACC /* Release */ = {
			isa = XCBuildConfiguration;
			buildSettings = {
				ALWAYS_SEARCH_USER_PATHS = NO;
				CLANG_CXX_LANGUAGE_STANDARD = "gnu++0x";
				CLANG_CXX_LIBRARY = "libc++";
				CLANG_ENABLE_OBJC_ARC = YES;
				CLANG_WARN_CONSTANT_CONVERSION = YES;
				CLANG_WARN_EMPTY_BODY = YES;
				CLANG_WARN_ENUM_CONVERSION = YES;
				CLANG_WARN_INT_CONVERSION = YES;
				CLANG_WARN__DUPLICATE_METHOD_MATCH = YES;
				CODE_SIGN_IDENTITY = "iPhone Distribution: Mihail Velikov (Q59675477H)";
				"CODE_SIGN_IDENTITY[sdk=iphoneos*]" = "iPhone Developer";
				COPY_PHASE_STRIP = YES;
				GCC_C_LANGUAGE_STANDARD = gnu99;
				GCC_WARN_ABOUT_RETURN_TYPE = YES;
				GCC_WARN_UNINITIALIZED_AUTOS = YES;
				GCC_WARN_UNUSED_VARIABLE = YES;
				IPHONEOS_DEPLOYMENT_TARGET = 6.1;
				OTHER_CFLAGS = "-DNS_BLOCK_ASSERTIONS=1";
				PROVISIONING_PROFILE = "E9E6D447-9D40-4011-A27C-42DC08EAFA52";
				SDKROOT = iphoneos;
				VALIDATE_PRODUCT = YES;
			};
			name = Release;
		};
		0C103354174CE2A7004C2ACC /* Debug */ = {
			isa = XCBuildConfiguration;
			buildSettings = {
				CODE_SIGN_IDENTITY = "iPhone Distribution: Mihail Velikov (Q59675477H)";
				GCC_PRECOMPILE_PREFIX_HEADER = YES;
				GCC_PREFIX_HEADER = "Scarsdale Diet/Scarsdale Diet-Prefix.pch";
				INFOPLIST_FILE = "Scarsdale Diet/Scarsdale Diet-Info.plist";
				IPHONEOS_DEPLOYMENT_TARGET = 6.1;
				PRODUCT_NAME = "$(TARGET_NAME)";
				PROVISIONING_PROFILE = "E9E6D447-9D40-4011-A27C-42DC08EAFA52";
				TARGETED_DEVICE_FAMILY = "1,2";
				WRAPPER_EXTENSION = app;
			};
			name = Debug;
		};
		0C103355174CE2A7004C2ACC /* Release */ = {
			isa = XCBuildConfiguration;
			buildSettings = {
				CODE_SIGN_IDENTITY = "iPhone Distribution: Mihail Velikov (Q59675477H)";
				GCC_PRECOMPILE_PREFIX_HEADER = YES;
				GCC_PREFIX_HEADER = "Scarsdale Diet/Scarsdale Diet-Prefix.pch";
				INFOPLIST_FILE = "Scarsdale Diet/Scarsdale Diet-Info.plist";
				IPHONEOS_DEPLOYMENT_TARGET = 6.1;
				PRODUCT_NAME = "$(TARGET_NAME)";
				PROVISIONING_PROFILE = "E9E6D447-9D40-4011-A27C-42DC08EAFA52";
				TARGETED_DEVICE_FAMILY = "1,2";
				WRAPPER_EXTENSION = app;
			};
			name = Release;
		};
		0CF067CA1757BF9D009A93E0 /* Debug */ = {
			isa = XCBuildConfiguration;
			buildSettings = {
				FRAMEWORK_SEARCH_PATHS = (
					"\"$(SDKROOT)/Developer/Library/Frameworks\"",
					"\"$(DEVELOPER_LIBRARY_DIR)/Frameworks\"",
				);
				GCC_PRECOMPILE_PREFIX_HEADER = YES;
				GCC_PREFIX_HEADER = "ScarsdaleDietLogicTests/ScarsdaleDietLogicTests-Prefix.pch";
				INFOPLIST_FILE = "ScarsdaleDietLogicTests/ScarsdaleDietLogicTests-Info.plist";
				ONLY_ACTIVE_ARCH = YES;
				PRODUCT_NAME = "$(TARGET_NAME)";
				VALID_ARCHS = "";
				WRAPPER_EXTENSION = octest;
			};
			name = Debug;
		};
		0CF067CB1757BF9D009A93E0 /* Release */ = {
			isa = XCBuildConfiguration;
			buildSettings = {
				FRAMEWORK_SEARCH_PATHS = (
					"\"$(SDKROOT)/Developer/Library/Frameworks\"",
					"\"$(DEVELOPER_LIBRARY_DIR)/Frameworks\"",
				);
				GCC_PRECOMPILE_PREFIX_HEADER = YES;
				GCC_PREFIX_HEADER = "ScarsdaleDietLogicTests/ScarsdaleDietLogicTests-Prefix.pch";
				INFOPLIST_FILE = "ScarsdaleDietLogicTests/ScarsdaleDietLogicTests-Info.plist";
				PRODUCT_NAME = "$(TARGET_NAME)";
				VALID_ARCHS = "";
				WRAPPER_EXTENSION = octest;
			};
			name = Release;
		};
/* End XCBuildConfiguration section */

/* Begin XCConfigurationList section */
		0C10332B174CE2A7004C2ACC /* Build configuration list for PBXProject "Scarsdale Diet" */ = {
			isa = XCConfigurationList;
			buildConfigurations = (
				0C103351174CE2A7004C2ACC /* Debug */,
				0C103352174CE2A7004C2ACC /* Release */,
			);
			defaultConfigurationIsVisible = 0;
			defaultConfigurationName = Release;
		};
		0C103353174CE2A7004C2ACC /* Build configuration list for PBXNativeTarget "Scarsdale Diet" */ = {
			isa = XCConfigurationList;
			buildConfigurations = (
				0C103354174CE2A7004C2ACC /* Debug */,
				0C103355174CE2A7004C2ACC /* Release */,
			);
			defaultConfigurationIsVisible = 0;
			defaultConfigurationName = Release;
		};
		0CF067C91757BF9D009A93E0 /* Build configuration list for PBXNativeTarget "ScarsdaleDietLogicTests" */ = {
			isa = XCConfigurationList;
			buildConfigurations = (
				0CF067CA1757BF9D009A93E0 /* Debug */,
				0CF067CB1757BF9D009A93E0 /* Release */,
			);
			defaultConfigurationIsVisible = 0;
			defaultConfigurationName = Release;
		};
/* End XCConfigurationList section */
	};
	rootObject = 0C103328174CE2A7004C2ACC /* Project object */;
}
